<?xml version="1.0" encoding="utf-8"?>
<Project ToolsVersion="4.0" xmlns="http://schemas.microsoft.com/developer/msbuild/2003">
  <ItemGroup>
    <Filter Include="Source Files">
      <UniqueIdentifier>{4FC737F1-C7A5-4376-A066-2A32D752A2FF}</UniqueIdentifier>
      <Extensions>cpp;c;cc;cxx;def;odl;idl;hpj;bat;asm;asmx</Extensions>
    </Filter>
    <Filter Include="Header Files">
      <UniqueIdentifier>{93995380-89BD-4b04-88EB-625FBE52EBFB}</UniqueIdentifier>
      <Extensions>h;hh;hpp;hxx;hm;inl;inc;xsd</Extensions>
    </Filter>
    <Filter Include="Resource Files">
      <UniqueIdentifier>{67DA6AB6-F800-4c08-8B7A-83BB121AAD01}</UniqueIdentifier>
      <Extensions>rc;ico;cur;bmp;dlg;rc2;rct;bin;rgs;gif;jpg;jpeg;jpe;resx;tiff;tif;png;wav;mfcribbon-ms</Extensions>
    </Filter>
  </ItemGroup>
  <ItemGroup>
    <Text Include="ReadMe.txt" />
  </ItemGroup>
  <ItemGroup>
    <ClInclude Include="stdafx.h">
      <Filter>Header Files</Filter>
    </ClInclude>
    <ClInclude Include="targetver.h">
      <Filter>Header Files</Filter>
    </ClInclude>
    <ClInclude Include="..\src\GFIELD.HPP">
      <Filter>Header Files</Filter>
    </ClInclude>
    <ClInclude Include="..\src\LFSR.HPP">
      <Filter>Header Files</Filter>
    </ClInclude>
    <ClInclude Include="..\src\CHANNEL.HPP">
      <Filter>Header Files</Filter>
    </ClInclude>
    <ClInclude Include="..\src\GENERIC.HPP">
      <Filter>Header Files</Filter>
    </ClInclude>
    <ClInclude Include="..\src\ERRN.HPP">
      <Filter>Header Files</Filter>
    </ClInclude>
    <ClInclude Include="..\src\SLIST.HPP">
      <Filter>Header Files</Filter>
    </ClInclude>
    <ClInclude Include="..\src\BUFFIO.HPP">
      <Filter>Header Files</Filter>
    </ClInclude>
    <ClInclude Include="..\src\BCH.HPP">
      <Filter>Header Files</Filter>
    </ClInclude>
  </ItemGroup>
  <ItemGroup>
    <ClCompile Include="stdafx.cpp">
      <Filter>Source Files</Filter>
    </ClCompile>
    <ClCompile Include="161B.cpp">
      <Filter>Source Files</Filter>
    </ClCompile>
    <ClCompile Include="..\src\DEBUG.CPP">
      <Filter>Source Files</Filter>
    </ClCompile>
    <ClCompile Include="..\src\GFIELD.CPP">
      <Filter>Source Files</Filter>
    </ClCompile>
    <ClCompile Include="..\src\RLLTBL.CPP">
      <Filter>Source Files</Filter>
    </ClCompile>
    <ClCompile Include="..\src\LFSR.CPP">
      <Filter>Source Files</Filter>
    </ClCompile>
    <ClCompile Include="..\src\PSUMTBL.CPP">
      <Filter>Source Files</Filter>
    </ClCompile>
    <ClCompile Include="..\src\PMAT.CPP">
      <Filter>Source Files</Filter>
    </ClCompile>
    <ClCompile Include="..\src\SYND.CPP">
      <Filter>Source Files</Filter>
    </ClCompile>
    <ClCompile Include="..\src\CHANNEL.CPP">
      <Filter>Source Files</Filter>
    </ClCompile>
    <ClCompile Include="..\src\BUFFIO.CPP">
      <Filter>Source Files</Filter>
    </ClCompile>
    <ClCompile Include="..\src\DEFERR.CPP">
      <Filter>Source Files</Filter>
    </ClCompile>
    <ClCompile Include="..\src\SLIST.CPP">
      <Filter>Source Files</Filter>
    </ClCompile>
    <ClCompile Include="FAX.CPP">
      <Filter>Source Files</Filter>
    </ClCompile>
    <ClCompile Include="..\src\PSUM.CPP">
      <Filter>Source Files</Filter>
    </ClCompile>
  </ItemGroup>
</Project>